{
  "requires": true,
  "lockfileVersion": 1,
  "dependencies": {
    "jwt-decode": {
      "version": "3.1.1",
      "resolved": "https://registry.npmjs.org/jwt-decode/-/jwt-decode-3.1.1.tgz",
      "integrity": "sha512-EaH9dTD9ogCmxZRdiTsIUIJslqjoFfk8nEAi+Bq8u/aUjrVuhZ6eZjhWRH6SC9NBA0Lwr3K35H2zDnWvK/n4vQ=="
    },
    "moment": {
      "version": "2.29.1",
      "resolved": "https://registry.npmjs.org/moment/-/moment-2.29.1.tgz",
      "integrity": "sha512-kHmoybcPV8Sqy59DwNDY3Jefr64lK/by/da0ViFcuA4DH0vQg5Q6Ze5VimxkfQNSC+Mls/Kx53s7TjP1RhFEDQ=="
    }
  }
}
